
Microsoft Visual Studio Solution File, Format Version 12.00
# Visual Studio Version 17
VisualStudioVersion = 17.14.36616.10 d17.14
MinimumVisualStudioVersion = 10.0.40219.1
Project("{FAE04EC0-301F-11D3-BF4B-00C04F79EFBC}") = "WizardAndWitch", "WizardAndWitch.csproj", "{37B89445-67EB-4696-9A70-662E64EDBD9A}"
EndProject
Global
	GlobalSection(SolutionConfigurationPlatforms) = preSolution
		Debug|Any CPU = Debug|Any CPU
		Release|Any CPU = Release|Any CPU
	EndGlobalSection
	GlobalSection(ProjectConfigurationPlatforms) = postSolution
		{37B89445-67EB-4696-9A70-662E64EDBD9A}.Debug|Any CPU.ActiveCfg = Debug|Any CPU
		{37B89445-67EB-4696-9A70-662E64EDBD9A}.Debug|Any CPU.Build.0 = Debug|Any CPU
		{37B89445-67EB-4696-9A70-662E64EDBD9A}.Release|Any CPU.ActiveCfg = Release|Any CPU
		{37B89445-67EB-4696-9A70-662E64EDBD9A}.Release|Any CPU.Build.0 = Release|Any CPU
	EndGlobalSection
	GlobalSection(SolutionProperties) = preSolution
		HideSolutionNode = FALSE
	EndGlobalSection
	GlobalSection(ExtensibilityGlobals) = postSolution
		SolutionGuid = {9178EFEE-8F4E-4D14-A1C0-9B8429325356}
	EndGlobalSection
EndGlobal
